// !$*UTF8*$!
{
	archiveVersion = 1;
	classes = {
	};
	objectVersion = 51;
	objects = {

/* Begin PBXBuildFile section */
		0494438CC7DA547801F331C6 /* Pods_Perfect_Budget.framework in Frameworks */ = {isa = PBXBuildFile; fileRef = 21C0C0913FD8130FE5480E06 /* Pods_Perfect_Budget.framework */; };
		79E945DC5906AFB971645F4C /* Pods_Perfect_BudgetTests.framework in Frameworks */ = {isa = PBXBuildFile; fileRef = 693550A01C2D017363713FE1 /* Pods_Perfect_BudgetTests.framework */; };
		FEC41CDFF3C6DF3206EE3EA6 /* Pods_Perfect_BudgetUITests.framework in Frameworks */ = {isa = PBXBuildFile; fileRef = 90FF2B1DF69D64A67E430E36 /* Pods_Perfect_BudgetUITests.framework */; };
		FF015EF322DE1D730024D478 /* Constants.swift in Sources */ = {isa = PBXBuildFile; fileRef = FF015EF122DE1D6C0024D478 /* Constants.swift */; };
		FF0DF43522E2462F0090F1D0 /* moneymoneyBackground.jpg in Resources */ = {isa = PBXBuildFile; fileRef = FF0DF43422E2462E0090F1D0 /* moneymoneyBackground.jpg */; };
		FF0DF43722E246A30090F1D0 /* rsz_1.jpg in Resources */ = {isa = PBXBuildFile; fileRef = FF0DF43622E246A30090F1D0 /* rsz_1.jpg */; };
		FF16298622E4095D002E1F5E /* DayPresenter.swift in Sources */ = {isa = PBXBuildFile; fileRef = FF16298522E4095D002E1F5E /* DayPresenter.swift */; };
		FF2F22E122D6209100C91380 /* AppDelegate.swift in Sources */ = {isa = PBXBuildFile; fileRef = FF2F22E022D6209100C91380 /* AppDelegate.swift */; };
		FF2F22E322D6209100C91380 /* DayViewController.swift in Sources */ = {isa = PBXBuildFile; fileRef = FF2F22E222D6209100C91380 /* DayViewController.swift */; };
		FF2F22E822D6209200C91380 /* Assets.xcassets in Resources */ = {isa = PBXBuildFile; fileRef = FF2F22E722D6209200C91380 /* Assets.xcassets */; };
		FF2F22EB22D6209200C91380 /* LaunchScreen.storyboard in Resources */ = {isa = PBXBuildFile; fileRef = FF2F22E922D6209200C91380 /* LaunchScreen.storyboard */; };
		FF2F22F622D6209200C91380 /* Perfect_BudgetTests.swift in Sources */ = {isa = PBXBuildFile; fileRef = FF2F22F522D6209200C91380 /* Perfect_BudgetTests.swift */; };
		FF2F230122D6209200C91380 /* Perfect_BudgetUITests.swift in Sources */ = {isa = PBXBuildFile; fileRef = FF2F230022D6209200C91380 /* Perfect_BudgetUITests.swift */; };
		FF914A5B22D666E400D1F949 /* Montserrat-Black.ttf in Resources */ = {isa = PBXBuildFile; fileRef = FF914A5A22D666E400D1F949 /* Montserrat-Black.ttf */; };
		FF914A5D22D6671C00D1F949 /* Montserrat-Bold.ttf in Resources */ = {isa = PBXBuildFile; fileRef = FF914A5C22D6671C00D1F949 /* Montserrat-Bold.ttf */; };
		FF914A6122D7B81F00D1F949 /* NameAndProgessView.swift in Sources */ = {isa = PBXBuildFile; fileRef = FF914A6022D7B81F00D1F949 /* NameAndProgessView.swift */; };
		FF914A6322D7C87C00D1F949 /* ProgressBarView.swift in Sources */ = {isa = PBXBuildFile; fileRef = FF914A6222D7C87C00D1F949 /* ProgressBarView.swift */; };
		FF914A6522D8FA2200D1F949 /* DayModel.swift in Sources */ = {isa = PBXBuildFile; fileRef = FF914A6422D8FA2200D1F949 /* DayModel.swift */; };
		FF914A6822D9165200D1F949 /* ExpensesView.swift in Sources */ = {isa = PBXBuildFile; fileRef = FF914A6722D9165100D1F949 /* ExpensesView.swift */; };
		FF93E2A022DCCD150094AA08 /* CustomCell.swift in Sources */ = {isa = PBXBuildFile; fileRef = FF93E29F22DCCD150094AA08 /* CustomCell.swift */; };
/* End PBXBuildFile section */

/* Begin PBXContainerItemProxy section */
		FF2F22F222D6209200C91380 /* PBXContainerItemProxy */ = {
			isa = PBXContainerItemProxy;
			containerPortal = FF2F22D522D6209100C91380 /* Project object */;
			proxyType = 1;
			remoteGlobalIDString = FF2F22DC22D6209100C91380;
			remoteInfo = "Perfect Budget";
		};
		FF2F22FD22D6209200C91380 /* PBXContainerItemProxy */ = {
			isa = PBXContainerItemProxy;
			containerPortal = FF2F22D522D6209100C91380 /* Project object */;
			proxyType = 1;
			remoteGlobalIDString = FF2F22DC22D6209100C91380;
			remoteInfo = "Perfect Budget";
		};
/* End PBXContainerItemProxy section */

/* Begin PBXFileReference section */
		21C0C0913FD8130FE5480E06 /* Pods_Perfect_Budget.framework */ = {isa = PBXFileReference; explicitFileType = wrapper.framework; includeInIndex = 0; path = Pods_Perfect_Budget.framework; sourceTree = BUILT_PRODUCTS_DIR; };
		3F6D5EE3ED110915AB68E548 /* Pods-Perfect BudgetUITests.debug.xcconfig */ = {isa = PBXFileReference; includeInIndex = 1; lastKnownFileType = text.xcconfig; name = "Pods-Perfect BudgetUITests.debug.xcconfig"; path = "Target Support Files/Pods-Perfect BudgetUITests/Pods-Perfect BudgetUITests.debug.xcconfig"; sourceTree = "<group>"; };
		693550A01C2D017363713FE1 /* Pods_Perfect_BudgetTests.framework */ = {isa = PBXFileReference; explicitFileType = wrapper.framework; includeInIndex = 0; path = Pods_Perfect_BudgetTests.framework; sourceTree = BUILT_PRODUCTS_DIR; };
		6E6CE9B2C8710054394D2083 /* Pods-Perfect Budget.release.xcconfig */ = {isa = PBXFileReference; includeInIndex = 1; lastKnownFileType = text.xcconfig; name = "Pods-Perfect Budget.release.xcconfig"; path = "Target Support Files/Pods-Perfect Budget/Pods-Perfect Budget.release.xcconfig"; sourceTree = "<group>"; };
		6F0D3C6C3F64E78A020634C7 /* Pods-Perfect BudgetTests.release.xcconfig */ = {isa = PBXFileReference; includeInIndex = 1; lastKnownFileType = text.xcconfig; name = "Pods-Perfect BudgetTests.release.xcconfig"; path = "Target Support Files/Pods-Perfect BudgetTests/Pods-Perfect BudgetTests.release.xcconfig"; sourceTree = "<group>"; };
		90FF2B1DF69D64A67E430E36 /* Pods_Perfect_BudgetUITests.framework */ = {isa = PBXFileReference; explicitFileType = wrapper.framework; includeInIndex = 0; path = Pods_Perfect_BudgetUITests.framework; sourceTree = BUILT_PRODUCTS_DIR; };
		A0C0CD9805D1FDF00CF28130 /* Pods-Perfect Budget.debug.xcconfig */ = {isa = PBXFileReference; includeInIndex = 1; lastKnownFileType = text.xcconfig; name = "Pods-Perfect Budget.debug.xcconfig"; path = "Target Support Files/Pods-Perfect Budget/Pods-Perfect Budget.debug.xcconfig"; sourceTree = "<group>"; };
		C420ACB637E7BB920E4531A1 /* Pods-Perfect BudgetTests.debug.xcconfig */ = {isa = PBXFileReference; includeInIndex = 1; lastKnownFileType = text.xcconfig; name = "Pods-Perfect BudgetTests.debug.xcconfig"; path = "Target Support Files/Pods-Perfect BudgetTests/Pods-Perfect BudgetTests.debug.xcconfig"; sourceTree = "<group>"; };
		FC38E46FBCBC396E20C18EED /* Pods-Perfect BudgetUITests.release.xcconfig */ = {isa = PBXFileReference; includeInIndex = 1; lastKnownFileType = text.xcconfig; name = "Pods-Perfect BudgetUITests.release.xcconfig"; path = "Target Support Files/Pods-Perfect BudgetUITests/Pods-Perfect BudgetUITests.release.xcconfig"; sourceTree = "<group>"; };
		FF015EF122DE1D6C0024D478 /* Constants.swift */ = {isa = PBXFileReference; lastKnownFileType = sourcecode.swift; path = Constants.swift; sourceTree = "<group>"; };
		FF0DF43422E2462E0090F1D0 /* moneymoneyBackground.jpg */ = {isa = PBXFileReference; lastKnownFileType = image.jpeg; path = moneymoneyBackground.jpg; sourceTree = SOURCE_ROOT; };
		FF0DF43622E246A30090F1D0 /* rsz_1.jpg */ = {isa = PBXFileReference; lastKnownFileType = image.jpeg; path = rsz_1.jpg; sourceTree = SOURCE_ROOT; };
		FF16298522E4095D002E1F5E /* DayPresenter.swift */ = {isa = PBXFileReference; lastKnownFileType = sourcecode.swift; path = DayPresenter.swift; sourceTree = "<group>"; };
		FF2F22DD22D6209100C91380 /* Perfect Budget.app */ = {isa = PBXFileReference; explicitFileType = wrapper.application; includeInIndex = 0; path = "Perfect Budget.app"; sourceTree = BUILT_PRODUCTS_DIR; };
		FF2F22E022D6209100C91380 /* AppDelegate.swift */ = {isa = PBXFileReference; lastKnownFileType = sourcecode.swift; path = AppDelegate.swift; sourceTree = "<group>"; };
		FF2F22E222D6209100C91380 /* DayViewController.swift */ = {isa = PBXFileReference; lastKnownFileType = sourcecode.swift; path = DayViewController.swift; sourceTree = "<group>"; };
		FF2F22E722D6209200C91380 /* Assets.xcassets */ = {isa = PBXFileReference; lastKnownFileType = folder.assetcatalog; path = Assets.xcassets; sourceTree = "<group>"; };
		FF2F22EA22D6209200C91380 /* Base */ = {isa = PBXFileReference; lastKnownFileType = file.storyboard; name = Base; path = Base.lproj/LaunchScreen.storyboard; sourceTree = "<group>"; };
		FF2F22EC22D6209200C91380 /* Info.plist */ = {isa = PBXFileReference; lastKnownFileType = text.plist.xml; path = Info.plist; sourceTree = "<group>"; };
		FF2F22F122D6209200C91380 /* Perfect BudgetTests.xctest */ = {isa = PBXFileReference; explicitFileType = wrapper.cfbundle; includeInIndex = 0; path = "Perfect BudgetTests.xctest"; sourceTree = BUILT_PRODUCTS_DIR; };
		FF2F22F522D6209200C91380 /* Perfect_BudgetTests.swift */ = {isa = PBXFileReference; lastKnownFileType = sourcecode.swift; path = Perfect_BudgetTests.swift; sourceTree = "<group>"; };
		FF2F22F722D6209200C91380 /* Info.plist */ = {isa = PBXFileReference; lastKnownFileType = text.plist.xml; path = Info.plist; sourceTree = "<group>"; };
		FF2F22FC22D6209200C91380 /* Perfect BudgetUITests.xctest */ = {isa = PBXFileReference; explicitFileType = wrapper.cfbundle; includeInIndex = 0; path = "Perfect BudgetUITests.xctest"; sourceTree = BUILT_PRODUCTS_DIR; };
		FF2F230022D6209200C91380 /* Perfect_BudgetUITests.swift */ = {isa = PBXFileReference; lastKnownFileType = sourcecode.swift; path = Perfect_BudgetUITests.swift; sourceTree = "<group>"; };
		FF2F230222D6209200C91380 /* Info.plist */ = {isa = PBXFileReference; lastKnownFileType = text.plist.xml; path = Info.plist; sourceTree = "<group>"; };
		FF914A5A22D666E400D1F949 /* Montserrat-Black.ttf */ = {isa = PBXFileReference; lastKnownFileType = file; name = "Montserrat-Black.ttf"; path = "Montserrat/Montserrat-Black.ttf"; sourceTree = SOURCE_ROOT; };
		FF914A5C22D6671C00D1F949 /* Montserrat-Bold.ttf */ = {isa = PBXFileReference; lastKnownFileType = file; name = "Montserrat-Bold.ttf"; path = "Montserrat/Montserrat-Bold.ttf"; sourceTree = SOURCE_ROOT; };
		FF914A6022D7B81F00D1F949 /* NameAndProgessView.swift */ = {isa = PBXFileReference; lastKnownFileType = sourcecode.swift; path = NameAndProgessView.swift; sourceTree = "<group>"; };
		FF914A6222D7C87C00D1F949 /* ProgressBarView.swift */ = {isa = PBXFileReference; lastKnownFileType = sourcecode.swift; path = ProgressBarView.swift; sourceTree = "<group>"; };
		FF914A6422D8FA2200D1F949 /* DayModel.swift */ = {isa = PBXFileReference; lastKnownFileType = sourcecode.swift; path = DayModel.swift; sourceTree = "<group>"; };
		FF914A6722D9165100D1F949 /* ExpensesView.swift */ = {isa = PBXFileReference; lastKnownFileType = sourcecode.swift; name = ExpensesView.swift; path = "/Users/imeier/Documents/perfect-budget-app/Perfect Budget/Perfect Budget/ExpensesView.swift"; sourceTree = "<absolute>"; };
		FF93E29F22DCCD150094AA08 /* CustomCell.swift */ = {isa = PBXFileReference; lastKnownFileType = sourcecode.swift; path = CustomCell.swift; sourceTree = "<group>"; };
/* End PBXFileReference section */

/* Begin PBXFrameworksBuildPhase section */
		FF2F22DA22D6209100C91380 /* Frameworks */ = {
			isa = PBXFrameworksBuildPhase;
			buildActionMask = 2147483647;
			files = (
				0494438CC7DA547801F331C6 /* Pods_Perfect_Budget.framework in Frameworks */,
			);
			runOnlyForDeploymentPostprocessing = 0;
		};
		FF2F22EE22D6209200C91380 /* Frameworks */ = {
			isa = PBXFrameworksBuildPhase;
			buildActionMask = 2147483647;
			files = (
				79E945DC5906AFB971645F4C /* Pods_Perfect_BudgetTests.framework in Frameworks */,
			);
			runOnlyForDeploymentPostprocessing = 0;
		};
		FF2F22F922D6209200C91380 /* Frameworks */ = {
			isa = PBXFrameworksBuildPhase;
			buildActionMask = 2147483647;
			files = (
				FEC41CDFF3C6DF3206EE3EA6 /* Pods_Perfect_BudgetUITests.framework in Frameworks */,
			);
			runOnlyForDeploymentPostprocessing = 0;
		};
/* End PBXFrameworksBuildPhase section */

/* Begin PBXGroup section */
		34D61F65CE8B338ABB199009 /* Frameworks */ = {
			isa = PBXGroup;
			children = (
				21C0C0913FD8130FE5480E06 /* Pods_Perfect_Budget.framework */,
				693550A01C2D017363713FE1 /* Pods_Perfect_BudgetTests.framework */,
				90FF2B1DF69D64A67E430E36 /* Pods_Perfect_BudgetUITests.framework */,
			);
			name = Frameworks;
			sourceTree = "<group>";
		};
		417C44A9BE5902F54B59353A /* Pods */ = {
			isa = PBXGroup;
			children = (
				A0C0CD9805D1FDF00CF28130 /* Pods-Perfect Budget.debug.xcconfig */,
				6E6CE9B2C8710054394D2083 /* Pods-Perfect Budget.release.xcconfig */,
				C420ACB637E7BB920E4531A1 /* Pods-Perfect BudgetTests.debug.xcconfig */,
				6F0D3C6C3F64E78A020634C7 /* Pods-Perfect BudgetTests.release.xcconfig */,
				3F6D5EE3ED110915AB68E548 /* Pods-Perfect BudgetUITests.debug.xcconfig */,
				FC38E46FBCBC396E20C18EED /* Pods-Perfect BudgetUITests.release.xcconfig */,
			);
			path = Pods;
			sourceTree = "<group>";
		};
		FF015EF422DE1D7C0024D478 /* Constants */ = {
			isa = PBXGroup;
			children = (
				FF015EF122DE1D6C0024D478 /* Constants.swift */,
			);
			path = Constants;
			sourceTree = "<group>";
		};
		FF2F22D422D6209100C91380 = {
			isa = PBXGroup;
			children = (
				FF2F22DF22D6209100C91380 /* Perfect Budget */,
				FF015EF422DE1D7C0024D478 /* Constants */,
				FF914A6622D90A1200D1F949 /* Model */,
				FF914A5922D6667700D1F949 /* Fonts */,
				FF2F22F422D6209200C91380 /* Perfect BudgetTests */,
				FF2F22FF22D6209200C91380 /* Perfect BudgetUITests */,
				FF2F22DE22D6209100C91380 /* Products */,
				417C44A9BE5902F54B59353A /* Pods */,
				34D61F65CE8B338ABB199009 /* Frameworks */,
			);
			sourceTree = "<group>";
		};
		FF2F22DE22D6209100C91380 /* Products */ = {
			isa = PBXGroup;
			children = (
				FF2F22DD22D6209100C91380 /* Perfect Budget.app */,
				FF2F22F122D6209200C91380 /* Perfect BudgetTests.xctest */,
				FF2F22FC22D6209200C91380 /* Perfect BudgetUITests.xctest */,
			);
			name = Products;
			sourceTree = "<group>";
		};
		FF2F22DF22D6209100C91380 /* Perfect Budget */ = {
			isa = PBXGroup;
			children = (
				FF914A6722D9165100D1F949 /* ExpensesView.swift */,
				FF2F22E022D6209100C91380 /* AppDelegate.swift */,
				FF93E29F22DCCD150094AA08 /* CustomCell.swift */,
				FF2F22E222D6209100C91380 /* DayViewController.swift */,
				FF16298522E4095D002E1F5E /* DayPresenter.swift */,
				FF914A6022D7B81F00D1F949 /* NameAndProgessView.swift */,
				FF914A6222D7C87C00D1F949 /* ProgressBarView.swift */,
				FF2F22E722D6209200C91380 /* Assets.xcassets */,
				FF2F22E922D6209200C91380 /* LaunchScreen.storyboard */,
				FF2F22EC22D6209200C91380 /* Info.plist */,
				FF0DF43422E2462E0090F1D0 /* moneymoneyBackground.jpg */,
				FF0DF43622E246A30090F1D0 /* rsz_1.jpg */,
			);
			path = "Perfect Budget";
			sourceTree = "<group>";
		};
		FF2F22F422D6209200C91380 /* Perfect BudgetTests */ = {
			isa = PBXGroup;
			children = (
				FF2F22F522D6209200C91380 /* Perfect_BudgetTests.swift */,
				FF2F22F722D6209200C91380 /* Info.plist */,
			);
			path = "Perfect BudgetTests";
			sourceTree = "<group>";
		};
		FF2F22FF22D6209200C91380 /* Perfect BudgetUITests */ = {
			isa = PBXGroup;
			children = (
				FF2F230022D6209200C91380 /* Perfect_BudgetUITests.swift */,
				FF2F230222D6209200C91380 /* Info.plist */,
			);
			path = "Perfect BudgetUITests";
			sourceTree = "<group>";
		};
		FF914A5922D6667700D1F949 /* Fonts */ = {
			isa = PBXGroup;
			children = (
				FF914A5C22D6671C00D1F949 /* Montserrat-Bold.ttf */,
				FF914A5A22D666E400D1F949 /* Montserrat-Black.ttf */,
			);
			path = Fonts;
			sourceTree = "<group>";
		};
		FF914A6622D90A1200D1F949 /* Model */ = {
			isa = PBXGroup;
			children = (
				FF914A6422D8FA2200D1F949 /* DayModel.swift */,
			);
			path = Model;
			sourceTree = "<group>";
		};
/* End PBXGroup section */

/* Begin PBXNativeTarget section */
		FF2F22DC22D6209100C91380 /* Perfect Budget */ = {
			isa = PBXNativeTarget;
			buildConfigurationList = FF2F230522D6209200C91380 /* Build configuration list for PBXNativeTarget "Perfect Budget" */;
			buildPhases = (
				DD06E3C937523F527620474C /* [CP] Check Pods Manifest.lock */,
				FF2F22D922D6209100C91380 /* Sources */,
				FF2F22DA22D6209100C91380 /* Frameworks */,
				FF2F22DB22D6209100C91380 /* Resources */,
				B240233674A355B7DC4FFF84 /* [CP] Embed Pods Frameworks */,
			);
			buildRules = (
			);
			dependencies = (
			);
			name = "Perfect Budget";
			productName = "Perfect Budget";
			productReference = FF2F22DD22D6209100C91380 /* Perfect Budget.app */;
			productType = "com.apple.product-type.application";
		};
		FF2F22F022D6209200C91380 /* Perfect BudgetTests */ = {
			isa = PBXNativeTarget;
			buildConfigurationList = FF2F230822D6209200C91380 /* Build configuration list for PBXNativeTarget "Perfect BudgetTests" */;
			buildPhases = (
				05E549D60242E22135239F19 /* [CP] Check Pods Manifest.lock */,
				FF2F22ED22D6209200C91380 /* Sources */,
				FF2F22EE22D6209200C91380 /* Frameworks */,
				FF2F22EF22D6209200C91380 /* Resources */,
			);
			buildRules = (
			);
			dependencies = (
				FF2F22F322D6209200C91380 /* PBXTargetDependency */,
			);
			name = "Perfect BudgetTests";
			productName = "Perfect BudgetTests";
			productReference = FF2F22F122D6209200C91380 /* Perfect BudgetTests.xctest */;
			productType = "com.apple.product-type.bundle.unit-test";
		};
		FF2F22FB22D6209200C91380 /* Perfect BudgetUITests */ = {
			isa = PBXNativeTarget;
			buildConfigurationList = FF2F230B22D6209200C91380 /* Build configuration list for PBXNativeTarget "Perfect BudgetUITests" */;
			buildPhases = (
				693423025C29138DC2AB0A1A /* [CP] Check Pods Manifest.lock */,
				FF2F22F822D6209200C91380 /* Sources */,
				FF2F22F922D6209200C91380 /* Frameworks */,
				FF2F22FA22D6209200C91380 /* Resources */,
			);
			buildRules = (
			);
			dependencies = (
				FF2F22FE22D6209200C91380 /* PBXTargetDependency */,
			);
			name = "Perfect BudgetUITests";
			productName = "Perfect BudgetUITests";
			productReference = FF2F22FC22D6209200C91380 /* Perfect BudgetUITests.xctest */;
			productType = "com.apple.product-type.bundle.ui-testing";
		};
/* End PBXNativeTarget section */

/* Begin PBXProject section */
		FF2F22D522D6209100C91380 /* Project object */ = {
			isa = PBXProject;
			attributes = {
				LastSwiftUpdateCheck = 1020;
				LastUpgradeCheck = 1020;
				ORGANIZATIONNAME = "Isaak Meier";
				TargetAttributes = {
					FF2F22DC22D6209100C91380 = {
						CreatedOnToolsVersion = 10.2.1;
					};
					FF2F22F022D6209200C91380 = {
						CreatedOnToolsVersion = 10.2.1;
						TestTargetID = FF2F22DC22D6209100C91380;
					};
					FF2F22FB22D6209200C91380 = {
						CreatedOnToolsVersion = 10.2.1;
						TestTargetID = FF2F22DC22D6209100C91380;
					};
				};
			};
			buildConfigurationList = FF2F22D822D6209100C91380 /* Build configuration list for PBXProject "Perfect Budget" */;
			compatibilityVersion = "Xcode 9.3";
			developmentRegion = en;
			hasScannedForEncodings = 0;
			knownRegions = (
				en,
				Base,
			);
			mainGroup = FF2F22D422D6209100C91380;
			productRefGroup = FF2F22DE22D6209100C91380 /* Products */;
			projectDirPath = "";
			projectRoot = "";
			targets = (
				FF2F22DC22D6209100C91380 /* Perfect Budget */,
				FF2F22F022D6209200C91380 /* Perfect BudgetTests */,
				FF2F22FB22D6209200C91380 /* Perfect BudgetUITests */,
			);
		};
/* End PBXProject section */

/* Begin PBXResourcesBuildPhase section */
		FF2F22DB22D6209100C91380 /* Resources */ = {
			isa = PBXResourcesBuildPhase;
			buildActionMask = 2147483647;
			files = (
				FF914A5D22D6671C00D1F949 /* Montserrat-Bold.ttf in Resources */,
				FF2F22EB22D6209200C91380 /* LaunchScreen.storyboard in Resources */,
				FF0DF43522E2462F0090F1D0 /* moneymoneyBackground.jpg in Resources */,
				FF0DF43722E246A30090F1D0 /* rsz_1.jpg in Resources */,
				FF914A5B22D666E400D1F949 /* Montserrat-Black.ttf in Resources */,
				FF2F22E822D6209200C91380 /* Assets.xcassets in Resources */,
			);
			runOnlyForDeploymentPostprocessing = 0;
		};
		FF2F22EF22D6209200C91380 /* Resources */ = {
			isa = PBXResourcesBuildPhase;
			buildActionMask = 2147483647;
			files = (
			);
			runOnlyForDeploymentPostprocessing = 0;
		};
		FF2F22FA22D6209200C91380 /* Resources */ = {
			isa = PBXResourcesBuildPhase;
			buildActionMask = 2147483647;
			files = (
			);
			runOnlyForDeploymentPostprocessing = 0;
		};
/* End PBXResourcesBuildPhase section */

/* Begin PBXShellScriptBuildPhase section */
		05E549D60242E22135239F19 /* [CP] Check Pods Manifest.lock */ = {
			isa = PBXShellScriptBuildPhase;
			buildActionMask = 2147483647;
			files = (
			);
			inputFileListPaths = (
			);
			inputPaths = (
				"${PODS_PODFILE_DIR_PATH}/Podfile.lock",
				"${PODS_ROOT}/Manifest.lock",
			);
			name = "[CP] Check Pods Manifest.lock";
			outputFileListPaths = (
			);
			outputPaths = (
				"$(DERIVED_FILE_DIR)/Pods-Perfect BudgetTests-checkManifestLockResult.txt",
			);
			runOnlyForDeploymentPostprocessing = 0;
			shellPath = /bin/sh;
			shellScript = "diff \"${PODS_PODFILE_DIR_PATH}/Podfile.lock\" \"${PODS_ROOT}/Manifest.lock\" > /dev/null\nif [ $? != 0 ] ; then\n    # print error to STDERR\n    echo \"error: The sandbox is not in sync with the Podfile.lock. Run 'pod install' or update your CocoaPods installation.\" >&2\n    exit 1\nfi\n# This output is used by Xcode 'outputs' to avoid re-running this script phase.\necho \"SUCCESS\" > \"${SCRIPT_OUTPUT_FILE_0}\"\n";
			showEnvVarsInLog = 0;
		};
		693423025C29138DC2AB0A1A /* [CP] Check Pods Manifest.lock */ = {
			isa = PBXShellScriptBuildPhase;
			buildActionMask = 2147483647;
			files = (
			);
			inputFileListPaths = (
			);
			inputPaths = (
				"${PODS_PODFILE_DIR_PATH}/Podfile.lock",
				"${PODS_ROOT}/Manifest.lock",
			);
			name = "[CP] Check Pods Manifest.lock";
			outputFileListPaths = (
			);
			outputPaths = (
				"$(DERIVED_FILE_DIR)/Pods-Perfect BudgetUITests-checkManifestLockResult.txt",
			);
			runOnlyForDeploymentPostprocessing = 0;
			shellPath = /bin/sh;
			shellScript = "diff \"${PODS_PODFILE_DIR_PATH}/Podfile.lock\" \"${PODS_ROOT}/Manifest.lock\" > /dev/null\nif [ $? != 0 ] ; then\n    # print error to STDERR\n    echo \"error: The sandbox is not in sync with the Podfile.lock. Run 'pod install' or update your CocoaPods installation.\" >&2\n    exit 1\nfi\n# This output is used by Xcode 'outputs' to avoid re-running this script phase.\necho \"SUCCESS\" > \"${SCRIPT_OUTPUT_FILE_0}\"\n";
			showEnvVarsInLog = 0;
		};
		B240233674A355B7DC4FFF84 /* [CP] Embed Pods Frameworks */ = {
			isa = PBXShellScriptBuildPhase;
			buildActionMask = 2147483647;
			files = (
			);
			inputFileListPaths = (
				"${PODS_ROOT}/Target Support Files/Pods-Perfect Budget/Pods-Perfect Budget-frameworks-${CONFIGURATION}-input-files.xcfilelist",
			);
			name = "[CP] Embed Pods Frameworks";
			outputFileListPaths = (
				"${PODS_ROOT}/Target Support Files/Pods-Perfect Budget/Pods-Perfect Budget-frameworks-${CONFIGURATION}-output-files.xcfilelist",
			);
			runOnlyForDeploymentPostprocessing = 0;
			shellPath = /bin/sh;
			shellScript = "\"${PODS_ROOT}/Target Support Files/Pods-Perfect Budget/Pods-Perfect Budget-frameworks.sh\"\n";
			showEnvVarsInLog = 0;
		};
		DD06E3C937523F527620474C /* [CP] Check Pods Manifest.lock */ = {
			isa = PBXShellScriptBuildPhase;
			buildActionMask = 2147483647;
			files = (
			);
			inputFileListPaths = (
			);
			inputPaths = (
				"${PODS_PODFILE_DIR_PATH}/Podfile.lock",
				"${PODS_ROOT}/Manifest.lock",
			);
			name = "[CP] Check Pods Manifest.lock";
			outputFileListPaths = (
			);
			outputPaths = (
				"$(DERIVED_FILE_DIR)/Pods-Perfect Budget-checkManifestLockResult.txt",
			);
			runOnlyForDeploymentPostprocessing = 0;
			shellPath = /bin/sh;
			shellScript = "diff \"${PODS_PODFILE_DIR_PATH}/Podfile.lock\" \"${PODS_ROOT}/Manifest.lock\" > /dev/null\nif [ $? != 0 ] ; then\n    # print error to STDERR\n    echo \"error: The sandbox is not in sync with the Podfile.lock. Run 'pod install' or update your CocoaPods installation.\" >&2\n    exit 1\nfi\n# This output is used by Xcode 'outputs' to avoid re-running this script phase.\necho \"SUCCESS\" > \"${SCRIPT_OUTPUT_FILE_0}\"\n";
			showEnvVarsInLog = 0;
		};
/* End PBXShellScriptBuildPhase section */

/* Begin PBXSourcesBuildPhase section */
		FF2F22D922D6209100C91380 /* Sources */ = {
			isa = PBXSourcesBuildPhase;
			buildActionMask = 2147483647;
			files = (
				FF914A6122D7B81F00D1F949 /* NameAndProgessView.swift in Sources */,
				FF914A6822D9165200D1F949 /* ExpensesView.swift in Sources */,
				FF914A6522D8FA2200D1F949 /* DayModel.swift in Sources */,
				FF2F22E322D6209100C91380 /* DayViewController.swift in Sources */,
				FF914A6322D7C87C00D1F949 /* ProgressBarView.swift in Sources */,
				FF93E2A022DCCD150094AA08 /* CustomCell.swift in Sources */,
				FF2F22E122D6209100C91380 /* AppDelegate.swift in Sources */,
				FF16298622E4095D002E1F5E /* DayPresenter.swift in Sources */,
				FF015EF322DE1D730024D478 /* Constants.swift in Sources */,
			);
			runOnlyForDeploymentPostprocessing = 0;
		};
		FF2F22ED22D6209200C91380 /* Sources */ = {
			isa = PBXSourcesBuildPhase;
			buildActionMask = 2147483647;
			files = (
				FF2F22F622D6209200C91380 /* Perfect_BudgetTests.swift in Sources */,
			);
			runOnlyForDeploymentPostprocessing = 0;
		};
		FF2F22F822D6209200C91380 /* Sources */ = {
			isa = PBXSourcesBuildPhase;
			buildActionMask = 2147483647;
			files = (
				FF2F230122D6209200C91380 /* Perfect_BudgetUITests.swift in Sources */,
			);
			runOnlyForDeploymentPostprocessing = 0;
		};
/* End PBXSourcesBuildPhase section */

/* Begin PBXTargetDependency section */
		FF2F22F322D6209200C91380 /* PBXTargetDependency */ = {
			isa = PBXTargetDependency;
			target = FF2F22DC22D6209100C91380 /* Perfect Budget */;
			targetProxy = FF2F22F222D6209200C91380 /* PBXContainerItemProxy */;
		};
		FF2F22FE22D6209200C91380 /* PBXTargetDependency */ = {
			isa = PBXTargetDependency;
			target = FF2F22DC22D6209100C91380 /* Perfect Budget */;
			targetProxy = FF2F22FD22D6209200C91380 /* PBXContainerItemProxy */;
		};
/* End PBXTargetDependency section */

/* Begin PBXVariantGroup section */
		FF2F22E922D6209200C91380 /* LaunchScreen.storyboard */ = {
			isa = PBXVariantGroup;
			children = (
				FF2F22EA22D6209200C91380 /* Base */,
			);
			name = LaunchScreen.storyboard;
			sourceTree = "<group>";
		};
/* End PBXVariantGroup section */

/* Begin XCBuildConfiguration section */
		FF2F230322D6209200C91380 /* Debug */ = {
			isa = XCBuildConfiguration;
			buildSettings = {
				ALWAYS_SEARCH_USER_PATHS = NO;
				CLANG_ANALYZER_NONNULL = YES;
				CLANG_ANALYZER_NUMBER_OBJECT_CONVERSION = YES_AGGRESSIVE;
				CLANG_CXX_LANGUAGE_STANDARD = "gnu++14";
				CLANG_CXX_LIBRARY = "libc++";
				CLANG_ENABLE_MODULES = YES;
				CLANG_ENABLE_OBJC_ARC = YES;
				CLANG_ENABLE_OBJC_WEAK = YES;
				CLANG_WARN_BLOCK_CAPTURE_AUTORELEASING = YES;
				CLANG_WARN_BOOL_CONVERSION = YES;
				CLANG_WARN_COMMA = YES;
				CLANG_WARN_CONSTANT_CONVERSION = YES;
				CLANG_WARN_DEPRECATED_OBJC_IMPLEMENTATIONS = YES;
				CLANG_WARN_DIRECT_OBJC_ISA_USAGE = YES_ERROR;
				CLANG_WARN_DOCUMENTATION_COMMENTS = YES;
				CLANG_WARN_EMPTY_BODY = YES;
				CLANG_WARN_ENUM_CONVERSION = YES;
				CLANG_WARN_INFINITE_RECURSION = YES;
				CLANG_WARN_INT_CONVERSION = YES;
				CLANG_WARN_NON_LITERAL_NULL_CONVERSION = YES;
				CLANG_WARN_OBJC_IMPLICIT_RETAIN_SELF = YES;
				CLANG_WARN_OBJC_LITERAL_CONVERSION = YES;
				CLANG_WARN_OBJC_ROOT_CLASS = YES_ERROR;
				CLANG_WARN_RANGE_LOOP_ANALYSIS = YES;
				CLANG_WARN_STRICT_PROTOTYPES = YES;
				CLANG_WARN_SUSPICIOUS_MOVE = YES;
				CLANG_WARN_UNGUARDED_AVAILABILITY = YES_AGGRESSIVE;
				CLANG_WARN_UNREACHABLE_CODE = YES;
				CLANG_WARN__DUPLICATE_METHOD_MATCH = YES;
				CODE_SIGN_IDENTITY = "iPhone Developer";
				COPY_PHASE_STRIP = NO;
				DEBUG_INFORMATION_FORMAT = dwarf;
				ENABLE_STRICT_OBJC_MSGSEND = YES;
				ENABLE_TESTABILITY = YES;
				GCC_C_LANGUAGE_STANDARD = gnu11;
				GCC_DYNAMIC_NO_PIC = NO;
				GCC_NO_COMMON_BLOCKS = YES;
				GCC_OPTIMIZATION_LEVEL = 0;
				GCC_PREPROCESSOR_DEFINITIONS = (
					"DEBUG=1",
					"$(inherited)",
				);
				GCC_WARN_64_TO_32_BIT_CONVERSION = YES;
				GCC_WARN_ABOUT_RETURN_TYPE = YES_ERROR;
				GCC_WARN_UNDECLARED_SELECTOR = YES;
				GCC_WARN_UNINITIALIZED_AUTOS = YES_AGGRESSIVE;
				GCC_WARN_UNUSED_FUNCTION = YES;
				GCC_WARN_UNUSED_VARIABLE = YES;
				IPHONEOS_DEPLOYMENT_TARGET = 12.2;
				MTL_ENABLE_DEBUG_INFO = INCLUDE_SOURCE;
				MTL_FAST_MATH = YES;
				ONLY_ACTIVE_ARCH = YES;
				SDKROOT = iphoneos;
				SWIFT_ACTIVE_COMPILATION_CONDITIONS = DEBUG;
				SWIFT_OPTIMIZATION_LEVEL = "-Onone";
			};
			name = Debug;
		};
		FF2F230422D6209200C91380 /* Release */ = {
			isa = XCBuildConfiguration;
			buildSettings = {
				ALWAYS_SEARCH_USER_PATHS = NO;
				CLANG_ANALYZER_NONNULL = YES;
				CLANG_ANALYZER_NUMBER_OBJECT_CONVERSION = YES_AGGRESSIVE;
				CLANG_CXX_LANGUAGE_STANDARD = "gnu++14";
				CLANG_CXX_LIBRARY = "libc++";
				CLANG_ENABLE_MODULES = YES;
				CLANG_ENABLE_OBJC_ARC = YES;
				CLANG_ENABLE_OBJC_WEAK = YES;
				CLANG_WARN_BLOCK_CAPTURE_AUTORELEASING = YES;
				CLANG_WARN_BOOL_CONVERSION = YES;
				CLANG_WARN_COMMA = YES;
				CLANG_WARN_CONSTANT_CONVERSION = YES;
				CLANG_WARN_DEPRECATED_OBJC_IMPLEMENTATIONS = YES;
				CLANG_WARN_DIRECT_OBJC_ISA_USAGE = YES_ERROR;
				CLANG_WARN_DOCUMENTATION_COMMENTS = YES;
				CLANG_WARN_EMPTY_BODY = YES;
				CLANG_WARN_ENUM_CONVERSION = YES;
				CLANG_WARN_INFINITE_RECURSION = YES;
				CLANG_WARN_INT_CONVERSION = YES;
				CLANG_WARN_NON_LITERAL_NULL_CONVERSION = YES;
				CLANG_WARN_OBJC_IMPLICIT_RETAIN_SELF = YES;
				CLANG_WARN_OBJC_LITERAL_CONVERSION = YES;
				CLANG_WARN_OBJC_ROOT_CLASS = YES_ERROR;
				CLANG_WARN_RANGE_LOOP_ANALYSIS = YES;
				CLANG_WARN_STRICT_PROTOTYPES = YES;
				CLANG_WARN_SUSPICIOUS_MOVE = YES;
				CLANG_WARN_UNGUARDED_AVAILABILITY = YES_AGGRESSIVE;
				CLANG_WARN_UNREACHABLE_CODE = YES;
				CLANG_WARN__DUPLICATE_METHOD_MATCH = YES;
				CODE_SIGN_IDENTITY = "iPhone Developer";
				COPY_PHASE_STRIP = NO;
				DEBUG_INFORMATION_FORMAT = "dwarf-with-dsym";
				ENABLE_NS_ASSERTIONS = NO;
				ENABLE_STRICT_OBJC_MSGSEND = YES;
				GCC_C_LANGUAGE_STANDARD = gnu11;
				GCC_NO_COMMON_BLOCKS = YES;
				GCC_WARN_64_TO_32_BIT_CONVERSION = YES;
				GCC_WARN_ABOUT_RETURN_TYPE = YES_ERROR;
				GCC_WARN_UNDECLARED_SELECTOR = YES;
				GCC_WARN_UNINITIALIZED_AUTOS = YES_AGGRESSIVE;
				GCC_WARN_UNUSED_FUNCTION = YES;
				GCC_WARN_UNUSED_VARIABLE = YES;
				IPHONEOS_DEPLOYMENT_TARGET = 12.2;
				MTL_ENABLE_DEBUG_INFO = NO;
				MTL_FAST_MATH = YES;
				SDKROOT = iphoneos;
				SWIFT_COMPILATION_MODE = wholemodule;
				SWIFT_OPTIMIZATION_LEVEL = "-O";
				VALIDATE_PRODUCT = YES;
			};
			name = Release;
		};
		FF2F230622D6209200C91380 /* Debug */ = {
			isa = XCBuildConfiguration;
			baseConfigurationReference = A0C0CD9805D1FDF00CF28130 /* Pods-Perfect Budget.debug.xcconfig */;
			buildSettings = {
				ASSETCATALOG_COMPILER_APPICON_NAME = AppIcon;
				CODE_SIGN_STYLE = Automatic;
				INFOPLIST_FILE = "Perfect Budget/Info.plist";
				LD_RUNPATH_SEARCH_PATHS = (
					"$(inherited)",
					"@executable_path/Frameworks",
				);
				PRODUCT_BUNDLE_IDENTIFIER = "meier.Perfect-Budget";
				PRODUCT_NAME = "$(TARGET_NAME)";
				SWIFT_VERSION = 5.0;
				TARGETED_DEVICE_FAMILY = 1;
			};
			name = Debug;
		};
		FF2F230722D6209200C91380 /* Release */ = {
			isa = XCBuildConfiguration;
			baseConfigurationReference = 6E6CE9B2C8710054394D2083 /* Pods-Perfect Budget.release.xcconfig */;
			buildSettings = {
				ASSETCATALOG_COMPILER_APPICON_NAME = AppIcon;
				CODE_SIGN_STYLE = Automatic;
				INFOPLIST_FILE = "Perfect Budget/Info.plist";
				LD_RUNPATH_SEARCH_PATHS = (
					"$(inherited)",
					"@executable_path/Frameworks",
				);
				PRODUCT_BUNDLE_IDENTIFIER = "meier.Perfect-Budget";
				PRODUCT_NAME = "$(TARGET_NAME)";
				SWIFT_VERSION = 5.0;
				TARGETED_DEVICE_FAMILY = 1;
			};
			name = Release;
		};
		FF2F230922D6209200C91380 /* Debug */ = {
			isa = XCBuildConfiguration;
			baseConfigurationReference = C420ACB637E7BB920E4531A1 /* Pods-Perfect BudgetTests.debug.xcconfig */;
			buildSettings = {
				ALWAYS_EMBED_SWIFT_STANDARD_LIBRARIES = YES;
				BUNDLE_LOADER = "$(TEST_HOST)";
				CODE_SIGN_STYLE = Automatic;
				INFOPLIST_FILE = "Perfect BudgetTests/Info.plist";
				LD_RUNPATH_SEARCH_PATHS = (
					"$(inherited)",
					"@executable_path/Frameworks",
					"@loader_path/Frameworks",
				);
				PRODUCT_BUNDLE_IDENTIFIER = "meier.Perfect-BudgetTests";
				PRODUCT_NAME = "$(TARGET_NAME)";
				SWIFT_VERSION = 5.0;
				TARGETED_DEVICE_FAMILY = "1,2";
				TEST_HOST = "$(BUILT_PRODUCTS_DIR)/Perfect Budget.app/Perfect Budget";
			};
			name = Debug;
		};
		FF2F230A22D6209200C91380 /* Release */ = {
			isa = XCBuildConfiguration;
			baseConfigurationReference = 6F0D3C6C3F64E78A020634C7 /* Pods-Perfect BudgetTests.release.xcconfig */;
			buildSettings = {
				ALWAYS_EMBED_SWIFT_STANDARD_LIBRARIES = YES;
				BUNDLE_LOADER = "$(TEST_HOST)";
				CODE_SIGN_STYLE = Automatic;
				INFOPLIST_FILE = "Perfect BudgetTests/Info.plist";
				LD_RUNPATH_SEARCH_PATHS = (
					"$(inherited)",
					"@executable_path/Frameworks",
					"@loader_path/Frameworks",
				);
				PRODUCT_BUNDLE_IDENTIFIER = "meier.Perfect-BudgetTests";
				PRODUCT_NAME = "$(TARGET_NAME)";
				SWIFT_VERSION = 5.0;
				TARGETED_DEVICE_FAMILY = "1,2";
				TEST_HOST = "$(BUILT_PRODUCTS_DIR)/Perfect Budget.app/Perfect Budget";
			};
			name = Release;
		};
		FF2F230C22D6209200C91380 /* Debug */ = {
			isa = XCBuildConfiguration;
			baseConfigurationReference = 3F6D5EE3ED110915AB68E548 /* Pods-Perfect BudgetUITests.debug.xcconfig */;
			buildSettings = {
				ALWAYS_EMBED_SWIFT_STANDARD_LIBRARIES = YES;
				CODE_SIGN_STYLE = Automatic;
				INFOPLIST_FILE = "Perfect BudgetUITests/Info.plist";
				LD_RUNPATH_SEARCH_PATHS = (
					"$(inherited)",
					"@executable_path/Frameworks",
					"@loader_path/Frameworks",
				);
				PRODUCT_BUNDLE_IDENTIFIER = "meier.Perfect-BudgetUITests";
				PRODUCT_NAME = "$(TARGET_NAME)";
				SWIFT_VERSION = 5.0;
				TARGETED_DEVICE_FAMILY = "1,2";
				TEST_TARGET_NAME = "Perfect Budget";
			};
			name = Debug;
		};
		FF2F230D22D6209200C91380 /* Release */ = {
			isa = XCBuildConfiguration;
			baseConfigurationReference = FC38E46FBCBC396E20C18EED /* Pods-Perfect BudgetUITests.release.xcconfig */;
			buildSettings = {
				ALWAYS_EMBED_SWIFT_STANDARD_LIBRARIES = YES;
				CODE_SIGN_STYLE = Automatic;
				INFOPLIST_FILE = "Perfect BudgetUITests/Info.plist";
				LD_RUNPATH_SEARCH_PATHS = (
					"$(inherited)",
					"@executable_path/Frameworks",
					"@loader_path/Frameworks",
				);
				PRODUCT_BUNDLE_IDENTIFIER = "meier.Perfect-BudgetUITests";
				PRODUCT_NAME = "$(TARGET_NAME)";
				SWIFT_VERSION = 5.0;
				TARGETED_DEVICE_FAMILY = "1,2";
				TEST_TARGET_NAME = "Perfect Budget";
			};
			name = Release;
		};
/* End XCBuildConfiguration section */

/* Begin XCConfigurationList section */
		FF2F22D822D6209100C91380 /* Build configuration list for PBXProject "Perfect Budget" */ = {
			isa = XCConfigurationList;
			buildConfigurations = (
				FF2F230322D6209200C91380 /* Debug */,
				FF2F230422D6209200C91380 /* Release */,
			);
			defaultConfigurationIsVisible = 0;
			defaultConfigurationName = Release;
		};
		FF2F230522D6209200C91380 /* Build configuration list for PBXNativeTarget "Perfect Budget" */ = {
			isa = XCConfigurationList;
			buildConfigurations = (
				FF2F230622D6209200C91380 /* Debug */,
				FF2F230722D6209200C91380 /* Release */,
			);
			defaultConfigurationIsVisible = 0;
			defaultConfigurationName = Release;
		};
		FF2F230822D6209200C91380 /* Build configuration list for PBXNativeTarget "Perfect BudgetTests" */ = {
			isa = XCConfigurationList;
			buildConfigurations = (
				FF2F230922D6209200C91380 /* Debug */,
				FF2F230A22D6209200C91380 /* Release */,
			);
			defaultConfigurationIsVisible = 0;
			defaultConfigurationName = Release;
		};
		FF2F230B22D6209200C91380 /* Build configuration list for PBXNativeTarget "Perfect BudgetUITests" */ = {
			isa = XCConfigurationList;
			buildConfigurations = (
				FF2F230C22D6209200C91380 /* Debug */,
				FF2F230D22D6209200C91380 /* Release */,
			);
			defaultConfigurationIsVisible = 0;
			defaultConfigurationName = Release;
		};
/* End XCConfigurationList section */
	};
	rootObject = FF2F22D522D6209100C91380 /* Project object */;
}
